
Microsoft Visual Studio Solution File, Format Version 12.00
# Visual Studio Version 17
VisualStudioVersion = 17.11.35222.181
MinimumVisualStudioVersion = 10.0.40219.1
Project("{9A19103F-16F7-4668-BE54-9A1E7A4F7556}") = "Domain", "Domain\Domain.csproj", "{67AB8ECE-3C7F-4CE0-9DAD-0FB3AF46C0DC}"
EndProject
Project("{9A19103F-16F7-4668-BE54-9A1E7A4F7556}") = "Application", "Application\Application.csproj", "{328D7396-485A-4949-B8A7-1179F4DA62BF}"
EndProject
Project("{9A19103F-16F7-4668-BE54-9A1E7A4F7556}") = "Presentation", "Presentation\Presentation.csproj", "{05C0C1F0-5DE8-4FB2-8D7C-F0A134DD24CD}"
EndProject
Project("{FAE04EC0-301F-11D3-BF4B-00C04F79EFBC}") = "Tests", "Tests\Tests.csproj", "{52C306D0-EFE6-4025-9516-831515F0289B}"
EndProject
Global
	GlobalSection(SolutionConfigurationPlatforms) = preSolution
		Debug|Any CPU = Debug|Any CPU
		Release|Any CPU = Release|Any CPU
	EndGlobalSection
	GlobalSection(ProjectConfigurationPlatforms) = postSolution
		{67AB8ECE-3C7F-4CE0-9DAD-0FB3AF46C0DC}.Debug|Any CPU.ActiveCfg = Debug|Any CPU
		{67AB8ECE-3C7F-4CE0-9DAD-0FB3AF46C0DC}.Debug|Any CPU.Build.0 = Debug|Any CPU
		{67AB8ECE-3C7F-4CE0-9DAD-0FB3AF46C0DC}.Release|Any CPU.ActiveCfg = Release|Any CPU
		{67AB8ECE-3C7F-4CE0-9DAD-0FB3AF46C0DC}.Release|Any CPU.Build.0 = Release|Any CPU
		{328D7396-485A-4949-B8A7-1179F4DA62BF}.Debug|Any CPU.ActiveCfg = Debug|Any CPU
		{328D7396-485A-4949-B8A7-1179F4DA62BF}.Debug|Any CPU.Build.0 = Debug|Any CPU
		{328D7396-485A-4949-B8A7-1179F4DA62BF}.Release|Any CPU.ActiveCfg = Release|Any CPU
		{328D7396-485A-4949-B8A7-1179F4DA62BF}.Release|Any CPU.Build.0 = Release|Any CPU
		{05C0C1F0-5DE8-4FB2-8D7C-F0A134DD24CD}.Debug|Any CPU.ActiveCfg = Debug|Any CPU
		{05C0C1F0-5DE8-4FB2-8D7C-F0A134DD24CD}.Debug|Any CPU.Build.0 = Debug|Any CPU
		{05C0C1F0-5DE8-4FB2-8D7C-F0A134DD24CD}.Release|Any CPU.ActiveCfg = Release|Any CPU
		{05C0C1F0-5DE8-4FB2-8D7C-F0A134DD24CD}.Release|Any CPU.Build.0 = Release|Any CPU
		{52C306D0-EFE6-4025-9516-831515F0289B}.Debug|Any CPU.ActiveCfg = Debug|Any CPU
		{52C306D0-EFE6-4025-9516-831515F0289B}.Debug|Any CPU.Build.0 = Debug|Any CPU
		{52C306D0-EFE6-4025-9516-831515F0289B}.Release|Any CPU.ActiveCfg = Release|Any CPU
		{52C306D0-EFE6-4025-9516-831515F0289B}.Release|Any CPU.Build.0 = Release|Any CPU
	EndGlobalSection
	GlobalSection(SolutionProperties) = preSolution
		HideSolutionNode = FALSE
	EndGlobalSection
	GlobalSection(ExtensibilityGlobals) = postSolution
		SolutionGuid = {CD78C516-A228-4C28-909B-A1E1EEDB2DB6}
	EndGlobalSection
EndGlobal
